
Microsoft Visual Studio Solution File, Format Version 12.00
# Visual Studio Version 16
VisualStudioVersion = 16.0.31019.35
MinimumVisualStudioVersion = 10.0.40219.1
Project("{FAE04EC0-301F-11D3-BF4B-00C04F79EFBC}") = "evoFlix.DataAccess", "evoFlix.DataAccess\evoFlix.DataAccess.csproj", "{75294A68-60B8-41B2-BD3A-0B3B7037B70A}"
EndProject
Project("{FAE04EC0-301F-11D3-BF4B-00C04F79EFBC}") = "evoFlix.Models", "evoFlix.Models\evoFlix.Models.csproj", "{F6BCF56C-E1C3-4B14-9A01-62A63FCCDB43}"
EndProject
Project("{FAE04EC0-301F-11D3-BF4B-00C04F79EFBC}") = "evoFlix.Services", "evoFlix.Services\evoFlix.Services.csproj", "{F4AF447F-1121-49CB-B318-3BF3E5797AE5}"
EndProject
Project("{FAE04EC0-301F-11D3-BF4B-00C04F79EFBC}") = "evoFlix.omdb_api", "imdb_api_test\evoFlix.omdb_api.csproj", "{E81997E6-A093-4E75-8235-734715359DE1}"
EndProject
Project("{FAE04EC0-301F-11D3-BF4B-00C04F79EFBC}") = "evoFlix.WPF", "evoFlix.WPF\evoFlix.WPF.csproj", "{6195E63E-FCC8-4F59-9AB3-56B9B6429D49}"
EndProject
Project("{FAE04EC0-301F-11D3-BF4B-00C04F79EFBC}") = "evoFlix.uTest", "evoFlix.uTest\evoFlix.uTest.csproj", "{E884D5BA-8419-407C-8867-E7C8F8F61DC3}"
EndProject
Project("{FAE04EC0-301F-11D3-BF4B-00C04F79EFBC}") = "evoFlix.API", "evoFlix.API\evoFlix.API.csproj", "{87A4DDA7-499F-45EE-9FA2-650D1C8C5747}"
EndProject
Project("{FAE04EC0-301F-11D3-BF4B-00C04F79EFBC}") = "evoFlix.FileScanner", "evoFlix.FileScanner\evoFlix.FileScanner.csproj", "{929E7ACF-39A2-4546-A38C-D08BD77D188F}"
EndProject
Global
	GlobalSection(SolutionConfigurationPlatforms) = preSolution
		Debug|Any CPU = Debug|Any CPU
		Release|Any CPU = Release|Any CPU
	EndGlobalSection
	GlobalSection(ProjectConfigurationPlatforms) = postSolution
		{75294A68-60B8-41B2-BD3A-0B3B7037B70A}.Debug|Any CPU.ActiveCfg = Debug|Any CPU
		{75294A68-60B8-41B2-BD3A-0B3B7037B70A}.Debug|Any CPU.Build.0 = Debug|Any CPU
		{75294A68-60B8-41B2-BD3A-0B3B7037B70A}.Release|Any CPU.ActiveCfg = Release|Any CPU
		{75294A68-60B8-41B2-BD3A-0B3B7037B70A}.Release|Any CPU.Build.0 = Release|Any CPU
		{F6BCF56C-E1C3-4B14-9A01-62A63FCCDB43}.Debug|Any CPU.ActiveCfg = Debug|Any CPU
		{F6BCF56C-E1C3-4B14-9A01-62A63FCCDB43}.Debug|Any CPU.Build.0 = Debug|Any CPU
		{F6BCF56C-E1C3-4B14-9A01-62A63FCCDB43}.Release|Any CPU.ActiveCfg = Release|Any CPU
		{F6BCF56C-E1C3-4B14-9A01-62A63FCCDB43}.Release|Any CPU.Build.0 = Release|Any CPU
		{F4AF447F-1121-49CB-B318-3BF3E5797AE5}.Debug|Any CPU.ActiveCfg = Debug|Any CPU
		{F4AF447F-1121-49CB-B318-3BF3E5797AE5}.Debug|Any CPU.Build.0 = Debug|Any CPU
		{F4AF447F-1121-49CB-B318-3BF3E5797AE5}.Release|Any CPU.ActiveCfg = Release|Any CPU
		{F4AF447F-1121-49CB-B318-3BF3E5797AE5}.Release|Any CPU.Build.0 = Release|Any CPU
		{E81997E6-A093-4E75-8235-734715359DE1}.Debug|Any CPU.ActiveCfg = Debug|Any CPU
		{E81997E6-A093-4E75-8235-734715359DE1}.Debug|Any CPU.Build.0 = Debug|Any CPU
		{E81997E6-A093-4E75-8235-734715359DE1}.Release|Any CPU.ActiveCfg = Release|Any CPU
		{E81997E6-A093-4E75-8235-734715359DE1}.Release|Any CPU.Build.0 = Release|Any CPU
		{6195E63E-FCC8-4F59-9AB3-56B9B6429D49}.Debug|Any CPU.ActiveCfg = Debug|Any CPU
		{6195E63E-FCC8-4F59-9AB3-56B9B6429D49}.Debug|Any CPU.Build.0 = Debug|Any CPU
		{6195E63E-FCC8-4F59-9AB3-56B9B6429D49}.Release|Any CPU.ActiveCfg = Release|Any CPU
		{6195E63E-FCC8-4F59-9AB3-56B9B6429D49}.Release|Any CPU.Build.0 = Release|Any CPU
		{E884D5BA-8419-407C-8867-E7C8F8F61DC3}.Debug|Any CPU.ActiveCfg = Debug|Any CPU
		{E884D5BA-8419-407C-8867-E7C8F8F61DC3}.Debug|Any CPU.Build.0 = Debug|Any CPU
		{E884D5BA-8419-407C-8867-E7C8F8F61DC3}.Release|Any CPU.ActiveCfg = Release|Any CPU
		{E884D5BA-8419-407C-8867-E7C8F8F61DC3}.Release|Any CPU.Build.0 = Release|Any CPU
		{87A4DDA7-499F-45EE-9FA2-650D1C8C5747}.Debug|Any CPU.ActiveCfg = Debug|Any CPU
		{87A4DDA7-499F-45EE-9FA2-650D1C8C5747}.Debug|Any CPU.Build.0 = Debug|Any CPU
		{87A4DDA7-499F-45EE-9FA2-650D1C8C5747}.Release|Any CPU.ActiveCfg = Release|Any CPU
		{87A4DDA7-499F-45EE-9FA2-650D1C8C5747}.Release|Any CPU.Build.0 = Release|Any CPU
		{929E7ACF-39A2-4546-A38C-D08BD77D188F}.Debug|Any CPU.ActiveCfg = Debug|Any CPU
		{929E7ACF-39A2-4546-A38C-D08BD77D188F}.Debug|Any CPU.Build.0 = Debug|Any CPU
		{929E7ACF-39A2-4546-A38C-D08BD77D188F}.Release|Any CPU.ActiveCfg = Release|Any CPU
		{929E7ACF-39A2-4546-A38C-D08BD77D188F}.Release|Any CPU.Build.0 = Release|Any CPU
	EndGlobalSection
	GlobalSection(SolutionProperties) = preSolution
		HideSolutionNode = FALSE
	EndGlobalSection
	GlobalSection(ExtensibilityGlobals) = postSolution
		SolutionGuid = {6F868FAF-283A-4823-85EA-9D130AE9D6BC}
	EndGlobalSection
EndGlobal
