
Microsoft Visual Studio Solution File, Format Version 12.00
# Visual Studio Version 16
VisualStudioVersion = 16.0.31205.134
MinimumVisualStudioVersion = 10.0.40219.1
Project("{FAE04EC0-301F-11D3-BF4B-00C04F79EFBC}") = "WPF_API_DEMO", "WPF_API_DEMO.csproj", "{C412E6AF-2026-4805-B0B0-084A78C831E8}"
EndProject
Project("{9A19103F-16F7-4668-BE54-9A1E7A4F7556}") = "DemoLibaryCore", "DemoLibaryCore\DemoLibaryCore.csproj", "{16816466-DECF-418E-BC9D-A35F1CAFBD77}"
EndProject
Project("{9A19103F-16F7-4668-BE54-9A1E7A4F7556}") = "WPFAppCore", "WPFAppCore\WPFAppCore.csproj", "{36D0FA05-5F3E-420D-8C0F-9FE1B1E58409}"
EndProject
Project("{9A19103F-16F7-4668-BE54-9A1E7A4F7556}") = "ApiUnitTest", "ApiUnitTest\ApiUnitTest.csproj", "{4D0E2ACD-A52B-4E98-9615-1E4FEE794D78}"
EndProject
Project("{FAE04EC0-301F-11D3-BF4B-00C04F79EFBC}") = "DemoLibary", "DemoLibary\DemoLibary.csproj", "{71551495-4756-49A6-88E1-503E33B818CF}"
EndProject
Global
	GlobalSection(SolutionConfigurationPlatforms) = preSolution
		Debug|Any CPU = Debug|Any CPU
		Release|Any CPU = Release|Any CPU
	EndGlobalSection
	GlobalSection(ProjectConfigurationPlatforms) = postSolution
		{C412E6AF-2026-4805-B0B0-084A78C831E8}.Debug|Any CPU.ActiveCfg = Debug|Any CPU
		{C412E6AF-2026-4805-B0B0-084A78C831E8}.Debug|Any CPU.Build.0 = Debug|Any CPU
		{C412E6AF-2026-4805-B0B0-084A78C831E8}.Release|Any CPU.ActiveCfg = Release|Any CPU
		{C412E6AF-2026-4805-B0B0-084A78C831E8}.Release|Any CPU.Build.0 = Release|Any CPU
		{16816466-DECF-418E-BC9D-A35F1CAFBD77}.Debug|Any CPU.ActiveCfg = Debug|Any CPU
		{16816466-DECF-418E-BC9D-A35F1CAFBD77}.Debug|Any CPU.Build.0 = Debug|Any CPU
		{16816466-DECF-418E-BC9D-A35F1CAFBD77}.Release|Any CPU.ActiveCfg = Release|Any CPU
		{16816466-DECF-418E-BC9D-A35F1CAFBD77}.Release|Any CPU.Build.0 = Release|Any CPU
		{36D0FA05-5F3E-420D-8C0F-9FE1B1E58409}.Debug|Any CPU.ActiveCfg = Debug|Any CPU
		{36D0FA05-5F3E-420D-8C0F-9FE1B1E58409}.Debug|Any CPU.Build.0 = Debug|Any CPU
		{36D0FA05-5F3E-420D-8C0F-9FE1B1E58409}.Release|Any CPU.ActiveCfg = Release|Any CPU
		{36D0FA05-5F3E-420D-8C0F-9FE1B1E58409}.Release|Any CPU.Build.0 = Release|Any CPU
		{4D0E2ACD-A52B-4E98-9615-1E4FEE794D78}.Debug|Any CPU.ActiveCfg = Debug|Any CPU
		{4D0E2ACD-A52B-4E98-9615-1E4FEE794D78}.Debug|Any CPU.Build.0 = Debug|Any CPU
		{4D0E2ACD-A52B-4E98-9615-1E4FEE794D78}.Release|Any CPU.ActiveCfg = Release|Any CPU
		{4D0E2ACD-A52B-4E98-9615-1E4FEE794D78}.Release|Any CPU.Build.0 = Release|Any CPU
		{71551495-4756-49A6-88E1-503E33B818CF}.Debug|Any CPU.ActiveCfg = Debug|Any CPU
		{71551495-4756-49A6-88E1-503E33B818CF}.Debug|Any CPU.Build.0 = Debug|Any CPU
		{71551495-4756-49A6-88E1-503E33B818CF}.Release|Any CPU.ActiveCfg = Release|Any CPU
		{71551495-4756-49A6-88E1-503E33B818CF}.Release|Any CPU.Build.0 = Release|Any CPU
	EndGlobalSection
	GlobalSection(SolutionProperties) = preSolution
		HideSolutionNode = FALSE
	EndGlobalSection
	GlobalSection(ExtensibilityGlobals) = postSolution
		SolutionGuid = {A3239EC9-9687-4E99-AF66-BC5BA273D72D}
	EndGlobalSection
EndGlobal
